<?xml version="1.0" encoding="utf-8"?>
<Project ToolsVersion="4.0" xmlns="http://schemas.microsoft.com/developer/msbuild/2003">
  <ItemGroup>
    <Filter Include="Исходные файлы">
      <UniqueIdentifier>{4FC737F1-C7A5-4376-A066-2A32D752A2FF}</UniqueIdentifier>
      <Extensions>cpp;c;cc;cxx;c++;cppm;ixx;def;odl;idl;hpj;bat;asm;asmx</Extensions>
    </Filter>
    <Filter Include="Файлы заголовков">
      <UniqueIdentifier>{93995380-89BD-4b04-88EB-625FBE52EBFB}</UniqueIdentifier>
      <Extensions>h;hh;hpp;hxx;h++;hm;inl;inc;ipp;xsd</Extensions>
    </Filter>
    <Filter Include="Файлы ресурсов">
      <UniqueIdentifier>{67DA6AB6-F800-4c08-8B7A-83BB121AAD01}</UniqueIdentifier>
      <Extensions>rc;ico;cur;bmp;dlg;rc2;rct;bin;rgs;gif;jpg;jpeg;jpe;resx;tiff;tif;png;wav;mfcribbon-ms</Extensions>
    </Filter>
    <Filter Include="Domain">
      <UniqueIdentifier>{3b1a867a-1b65-4c44-9328-4ef891b3fb7a}</UniqueIdentifier>
    </Filter>
    <Filter Include="Devices">
      <UniqueIdentifier>{dd2e1612-b987-483c-95d7-91866447f37d}</UniqueIdentifier>
    </Filter>
    <Filter Include="Public">
      <UniqueIdentifier>{7f84d119-6fb9-40b5-9035-a1d287f3efa8}</UniqueIdentifier>
    </Filter>
    <Filter Include="Input">
      <UniqueIdentifier>{bbb7a5bf-e0f6-4459-bf42-708df348b8d0}</UniqueIdentifier>
    </Filter>
    <Filter Include="Mapping">
      <UniqueIdentifier>{d39f0e9d-0234-4375-b7ec-7ce03c3942ed}</UniqueIdentifier>
    </Filter>
    <Filter Include="Execution">
      <UniqueIdentifier>{c5e25eb1-c9c3-4a77-9651-19e3ba865b9f}</UniqueIdentifier>
    </Filter>
    <Filter Include="Execution\Windows">
      <UniqueIdentifier>{dbf9d6d2-f2a7-48e0-975f-2bca6c658a4e}</UniqueIdentifier>
    </Filter>
    <Filter Include="Execution\Windows\Audio">
      <UniqueIdentifier>{7a0194a6-f18e-49d3-872f-722a21948254}</UniqueIdentifier>
    </Filter>
    <Filter Include="Execution\Windows\Media">
      <UniqueIdentifier>{89cadf45-b88f-490f-9d07-acb474811765}</UniqueIdentifier>
    </Filter>
    <Filter Include="Execution\Windows\Text">
      <UniqueIdentifier>{dc847f64-2573-446c-9a33-81ce3439d541}</UniqueIdentifier>
    </Filter>
    <Filter Include="Execution\VirtualController">
      <UniqueIdentifier>{2f55658f-5a33-4a20-a694-ec1ff82da84b}</UniqueIdentifier>
    </Filter>
    <Filter Include="Devices\VirtualController">
      <UniqueIdentifier>{344d8833-994d-4a78-9ce5-f1306f149f9c}</UniqueIdentifier>
    </Filter>
    <Filter Include="Hub">
      <UniqueIdentifier>{f501a46c-5f35-4c7f-8d40-2038a1f01c22}</UniqueIdentifier>
    </Filter>
    <Filter Include="Hub\Protocol">
      <UniqueIdentifier>{a4f92a19-a70d-4dbb-a3b0-85e8e692f8d7}</UniqueIdentifier>
    </Filter>
  </ItemGroup>
  <ItemGroup>
    <ClInclude Include="framework.h">
      <Filter>Файлы заголовков</Filter>
    </ClInclude>
    <ClInclude Include="pch.h">
      <Filter>Файлы заголовков</Filter>
    </ClInclude>
    <ClInclude Include="Domain\DeviceState.h">
      <Filter>Domain</Filter>
    </ClInclude>
    <ClInclude Include="Devices\DeviceRegistry.h">
      <Filter>Devices</Filter>
    </ClInclude>
    <ClInclude Include="Public\SrhEngine.h">
      <Filter>Public</Filter>
    </ClInclude>
    <ClInclude Include="Domain\InputEvent.h">
      <Filter>Domain</Filter>
    </ClInclude>
    <ClInclude Include="Domain\InputTypes.h">
      <Filter>Domain</Filter>
    </ClInclude>
    <ClInclude Include="Input\InputStateStore.h">
      <Filter>Input</Filter>
    </ClInclude>
    <ClInclude Include="Input\InputEventBus.h">
      <Filter>Input</Filter>
    </ClInclude>
    <ClInclude Include="Domain\Action.h">
      <Filter>Domain</Filter>
    </ClInclude>
    <ClInclude Include="Domain\ActionTypes.h">
      <Filter>Domain</Filter>
    </ClInclude>
    <ClInclude Include="Mapping\MappingRule.h">
      <Filter>Mapping</Filter>
    </ClInclude>
    <ClInclude Include="Mapping\MappingService.h">
      <Filter>Mapping</Filter>
    </ClInclude>
    <ClInclude Include="Execution\ActionExecutor.h">
      <Filter>Execution</Filter>
    </ClInclude>
    <ClInclude Include="Execution\Windows\WindowsActionExecutor.h">
      <Filter>Execution\Windows</Filter>
    </ClInclude>
    <ClInclude Include="Domain\ExecutionTypes.h">
      <Filter>Domain</Filter>
    </ClInclude>
    <ClInclude Include="Execution\Windows\Audio\AudioService.h">
      <Filter>Execution\Windows\Audio</Filter>
    </ClInclude>
    <ClInclude Include="Execution\Windows\Audio\AudioEndpointService.h">
      <Filter>Execution\Windows\Audio</Filter>
    </ClInclude>
    <ClInclude Include="Domain\MediaState.h">
      <Filter>Domain</Filter>
    </ClInclude>
    <ClInclude Include="Execution\Windows\Media\MediaService.h">
      <Filter>Execution\Windows\Media</Filter>
    </ClInclude>
    <ClInclude Include="Execution\Windows\Text\Utf8.h">
      <Filter>Execution\Windows\Text</Filter>
    </ClInclude>
    <ClInclude Include="Execution\VirtualController\VirtualDeviceClient.h">
      <Filter>Execution\VirtualController</Filter>
    </ClInclude>
    <ClInclude Include="Execution\VirtualController\VirtualDeviceInterface.h">
      <Filter>Execution\VirtualController</Filter>
    </ClInclude>
    <ClInclude Include="Execution\VirtualController\VirtualDeviceProtocol.h">
      <Filter>Execution\VirtualController</Filter>
    </ClInclude>
    <ClInclude Include="Execution\VirtualController\VirtualControllerService.h">
      <Filter>Execution\VirtualController</Filter>
    </ClInclude>
    <ClInclude Include="Domain\VirtualControllerState.h">
      <Filter>Domain</Filter>
    </ClInclude>
    <ClInclude Include="Devices\VirtualController\VirtualControllerRegistry.h">
      <Filter>Devices\VirtualController</Filter>
    </ClInclude>
    <ClInclude Include="Domain\HubProtocolTypes.h">
      <Filter>Domain</Filter>
    </ClInclude>
    <ClInclude Include="Hub\Protocol\HubPacket.h">
      <Filter>Hub\Protocol</Filter>
    </ClInclude>
    <ClInclude Include="Hub\Protocol\HubProtocol.h">
      <Filter>Hub\Protocol</Filter>
    </ClInclude>
    <ClInclude Include="Hub\Protocol\HubMessage.h">
      <Filter>Hub\Protocol</Filter>
    </ClInclude>
    <ClInclude Include="Hub\Protocol\HubMessageCodec.h">
      <Filter>Hub\Protocol</Filter>
    </ClInclude>
  </ItemGroup>
  <ItemGroup>
    <ClCompile Include="pch.cpp">
      <Filter>Исходные файлы</Filter>
    </ClCompile>
    <ClCompile Include="Devices\DeviceRegistry.cpp">
      <Filter>Devices</Filter>
    </ClCompile>
    <ClCompile Include="Public\SrhEngine.cpp">
      <Filter>Public</Filter>
    </ClCompile>
    <ClCompile Include="Input\InputStateStore.cpp">
      <Filter>Input</Filter>
    </ClCompile>
    <ClCompile Include="Input\InputEventBus.cpp">
      <Filter>Input</Filter>
    </ClCompile>
    <ClCompile Include="Mapping\MappingService.cpp">
      <Filter>Mapping</Filter>
    </ClCompile>
    <ClCompile Include="Execution\ActionExecutor.cpp">
      <Filter>Execution</Filter>
    </ClCompile>
    <ClCompile Include="Execution\Windows\WindowsActionExecutor.cpp">
      <Filter>Execution\Windows</Filter>
    </ClCompile>
    <ClCompile Include="Execution\Windows\Audio\AudioService.cpp">
      <Filter>Execution\Windows\Audio</Filter>
    </ClCompile>
    <ClCompile Include="Execution\Windows\Audio\AudioEndpointService.cpp">
      <Filter>Execution\Windows\Audio</Filter>
    </ClCompile>
    <ClCompile Include="Execution\Windows\Media\MediaService.cpp">
      <Filter>Execution\Windows\Media</Filter>
    </ClCompile>
    <ClCompile Include="Execution\Windows\Text\Utf8.cpp">
      <Filter>Execution\Windows\Text</Filter>
    </ClCompile>
    <ClCompile Include="Execution\VirtualController\VirtualDeviceClient.cpp">
      <Filter>Execution\VirtualController</Filter>
    </ClCompile>
    <ClCompile Include="Execution\VirtualController\VirtualControllerService.cpp">
      <Filter>Execution\VirtualController</Filter>
    </ClCompile>
    <ClCompile Include="Devices\VirtualController\VirtualControllerRegistry.cpp">
      <Filter>Devices\VirtualController</Filter>
    </ClCompile>
    <ClCompile Include="Hub\Protocol\HubProtocol.cpp">
      <Filter>Hub\Protocol</Filter>
    </ClCompile>
    <ClCompile Include="Hub\Protocol\HubMessageCodec.cpp">
      <Filter>Hub\Protocol</Filter>
    </ClCompile>
  </ItemGroup>
</Project>